
Microsoft Visual Studio Solution File, Format Version 12.00
# Visual Studio Version 16
VisualStudioVersion = 25.0.1705.2
MinimumVisualStudioVersion = 10.0.40219.1
Project("{FAE04EC0-301F-11D3-BF4B-00C04F79EFBC}") = "Vptcoder.TypeHandler", "Vptcoder.TypeHandler\Vptcoder.TypeHandler.csproj", "{428D4FEA-5ADE-4617-93D1-4E2000369FE4}"
EndProject
Global
	GlobalSection(SolutionConfigurationPlatforms) = preSolution
		Debug|Any CPU = Debug|Any CPU
		Release|Any CPU = Release|Any CPU
	EndGlobalSection
	GlobalSection(ProjectConfigurationPlatforms) = postSolution
		{428D4FEA-5ADE-4617-93D1-4E2000369FE4}.Debug|Any CPU.ActiveCfg = Debug|Any CPU
		{428D4FEA-5ADE-4617-93D1-4E2000369FE4}.Debug|Any CPU.Build.0 = Debug|Any CPU
		{428D4FEA-5ADE-4617-93D1-4E2000369FE4}.Release|Any CPU.ActiveCfg = Release|Any CPU
		{428D4FEA-5ADE-4617-93D1-4E2000369FE4}.Release|Any CPU.Build.0 = Release|Any CPU
	EndGlobalSection
	GlobalSection(SolutionProperties) = preSolution
		HideSolutionNode = FALSE
	EndGlobalSection
	GlobalSection(ExtensibilityGlobals) = postSolution
		SolutionGuid = {0979D2F6-22E9-4F0C-AD6A-F490C79D75E2}
	EndGlobalSection
	GlobalSection(MonoDevelopProperties) = preSolution
		Policies = $0
		$0.DotNetNamingPolicy = $1
		$1.DirectoryNamespaceAssociation = PrefixedHierarchical
		$0.TextStylePolicy = $2
		$2.inheritsSet = null
		$2.scope = text/x-csharp
		$0.CSharpFormattingPolicy = $3
		$3.scope = text/x-csharp
		$0.TextStylePolicy = $4
		$4.FileWidth = 80
		$4.TabsToSpaces = True
		$4.scope = text/plain
		$0.StandardHeader = $5
	EndGlobalSection
EndGlobal
